
Microsoft Visual Studio Solution File, Format Version 12.00
# Visual Studio 15
VisualStudioVersion = 15.8.28010.2036
MinimumVisualStudioVersion = 10.0.40219.1
Project("{FAE04EC0-301F-11D3-BF4B-00C04F79EFBC}") = "TheHat", "TheHat\TheHat.csproj", "{13A45C13-3265-47B8-BC48-A553B569DF55}"
EndProject
Project("{FAE04EC0-301F-11D3-BF4B-00C04F79EFBC}") = "Assembly-CSharp", "D:\VR project\TheHat\NewBuild1\GeneratedProjects\UWP\Assembly-CSharp\Assembly-CSharp.csproj", "{BF6CBFED-CB07-4838-AEE2-10D6FD371B49}"
EndProject
Project("{FAE04EC0-301F-11D3-BF4B-00C04F79EFBC}") = "Microsoft.MixedReality.Toolkit", "D:\VR project\TheHat\NewBuild1\GeneratedProjects\UWP\Microsoft.MixedReality.Toolkit\Microsoft.MixedReality.Toolkit.csproj", "{1EBE0050-2455-47DB-A5A2-95D8E26402D2}"
EndProject
Project("{FAE04EC0-301F-11D3-BF4B-00C04F79EFBC}") = "Microsoft.MixedReality.Toolkit.SDK", "D:\VR project\TheHat\NewBuild1\GeneratedProjects\UWP\Microsoft.MixedReality.Toolkit.SDK\Microsoft.MixedReality.Toolkit.SDK.csproj", "{CA8D4D8E-7358-470D-8827-E824EA8E7456}"
EndProject
Project("{FAE04EC0-301F-11D3-BF4B-00C04F79EFBC}") = "Microsoft.MixedReality.Toolkit.InputSystem", "D:\VR project\TheHat\NewBuild1\GeneratedProjects\UWP\Microsoft.MixedReality.Toolkit.InputSystem\Microsoft.MixedReality.Toolkit.InputSystem.csproj", "{E89F7442-D54E-486E-B7E1-67EAC47C8713}"
EndProject
Project("{FAE04EC0-301F-11D3-BF4B-00C04F79EFBC}") = "Microsoft.MixedReality.Toolkit.Examples", "D:\VR project\TheHat\NewBuild1\GeneratedProjects\UWP\Microsoft.MixedReality.Toolkit.Examples\Microsoft.MixedReality.Toolkit.Examples.csproj", "{37E9D636-F115-4AB0-A312-36CBDAE97A33}"
EndProject
Global
	GlobalSection(SolutionConfigurationPlatforms) = preSolution
		Debug|ARM = Debug|ARM
		Debug|x64 = Debug|x64
		Debug|x86 = Debug|x86
		Master|ARM = Master|ARM
		Master|x64 = Master|x64
		Master|x86 = Master|x86
		Release|ARM = Release|ARM
		Release|x64 = Release|x64
		Release|x86 = Release|x86
	EndGlobalSection
	GlobalSection(ProjectConfigurationPlatforms) = postSolution
		{13A45C13-3265-47B8-BC48-A553B569DF55}.Debug|ARM.ActiveCfg = Debug|ARM
		{13A45C13-3265-47B8-BC48-A553B569DF55}.Debug|ARM.Build.0 = Debug|ARM
		{13A45C13-3265-47B8-BC48-A553B569DF55}.Debug|ARM.Deploy.0 = Debug|ARM
		{13A45C13-3265-47B8-BC48-A553B569DF55}.Debug|x64.ActiveCfg = Debug|x64
		{13A45C13-3265-47B8-BC48-A553B569DF55}.Debug|x64.Build.0 = Debug|x64
		{13A45C13-3265-47B8-BC48-A553B569DF55}.Debug|x64.Deploy.0 = Debug|x64
		{13A45C13-3265-47B8-BC48-A553B569DF55}.Debug|x86.ActiveCfg = Debug|x86
		{13A45C13-3265-47B8-BC48-A553B569DF55}.Debug|x86.Build.0 = Debug|x86
		{13A45C13-3265-47B8-BC48-A553B569DF55}.Debug|x86.Deploy.0 = Debug|x86
		{13A45C13-3265-47B8-BC48-A553B569DF55}.Master|ARM.ActiveCfg = Master|ARM
		{13A45C13-3265-47B8-BC48-A553B569DF55}.Master|ARM.Build.0 = Master|ARM
		{13A45C13-3265-47B8-BC48-A553B569DF55}.Master|ARM.Deploy.0 = Master|ARM
		{13A45C13-3265-47B8-BC48-A553B569DF55}.Master|x64.ActiveCfg = Master|x64
		{13A45C13-3265-47B8-BC48-A553B569DF55}.Master|x64.Build.0 = Master|x64
		{13A45C13-3265-47B8-BC48-A553B569DF55}.Master|x64.Deploy.0 = Master|x64
		{13A45C13-3265-47B8-BC48-A553B569DF55}.Master|x86.ActiveCfg = Master|x86
		{13A45C13-3265-47B8-BC48-A553B569DF55}.Master|x86.Build.0 = Master|x86
		{13A45C13-3265-47B8-BC48-A553B569DF55}.Master|x86.Deploy.0 = Master|x86
		{13A45C13-3265-47B8-BC48-A553B569DF55}.Release|ARM.ActiveCfg = Release|ARM
		{13A45C13-3265-47B8-BC48-A553B569DF55}.Release|ARM.Build.0 = Release|ARM
		{13A45C13-3265-47B8-BC48-A553B569DF55}.Release|ARM.Deploy.0 = Release|ARM
		{13A45C13-3265-47B8-BC48-A553B569DF55}.Release|x64.ActiveCfg = Release|x64
		{13A45C13-3265-47B8-BC48-A553B569DF55}.Release|x64.Build.0 = Release|x64
		{13A45C13-3265-47B8-BC48-A553B569DF55}.Release|x64.Deploy.0 = Release|x64
		{13A45C13-3265-47B8-BC48-A553B569DF55}.Release|x86.ActiveCfg = Release|x86
		{13A45C13-3265-47B8-BC48-A553B569DF55}.Release|x86.Build.0 = Release|x86
		{13A45C13-3265-47B8-BC48-A553B569DF55}.Release|x86.Deploy.0 = Release|x86
		{BF6CBFED-CB07-4838-AEE2-10D6FD371B49}.Debug|ARM.ActiveCfg = Debug|ARM
		{BF6CBFED-CB07-4838-AEE2-10D6FD371B49}.Debug|ARM.Build.0 = Debug|ARM
		{BF6CBFED-CB07-4838-AEE2-10D6FD371B49}.Debug|x64.ActiveCfg = Debug|x64
		{BF6CBFED-CB07-4838-AEE2-10D6FD371B49}.Debug|x64.Build.0 = Debug|x64
		{BF6CBFED-CB07-4838-AEE2-10D6FD371B49}.Debug|x86.ActiveCfg = Debug|x86
		{BF6CBFED-CB07-4838-AEE2-10D6FD371B49}.Debug|x86.Build.0 = Debug|x86
		{BF6CBFED-CB07-4838-AEE2-10D6FD371B49}.Master|ARM.ActiveCfg = Master|ARM
		{BF6CBFED-CB07-4838-AEE2-10D6FD371B49}.Master|ARM.Build.0 = Master|ARM
		{BF6CBFED-CB07-4838-AEE2-10D6FD371B49}.Master|x64.ActiveCfg = Master|x64
		{BF6CBFED-CB07-4838-AEE2-10D6FD371B49}.Master|x64.Build.0 = Master|x64
		{BF6CBFED-CB07-4838-AEE2-10D6FD371B49}.Master|x86.ActiveCfg = Master|x86
		{BF6CBFED-CB07-4838-AEE2-10D6FD371B49}.Master|x86.Build.0 = Master|x86
		{BF6CBFED-CB07-4838-AEE2-10D6FD371B49}.Release|ARM.ActiveCfg = Release|ARM
		{BF6CBFED-CB07-4838-AEE2-10D6FD371B49}.Release|ARM.Build.0 = Release|ARM
		{BF6CBFED-CB07-4838-AEE2-10D6FD371B49}.Release|x64.ActiveCfg = Release|x64
		{BF6CBFED-CB07-4838-AEE2-10D6FD371B49}.Release|x64.Build.0 = Release|x64
		{BF6CBFED-CB07-4838-AEE2-10D6FD371B49}.Release|x86.ActiveCfg = Release|x86
		{BF6CBFED-CB07-4838-AEE2-10D6FD371B49}.Release|x86.Build.0 = Release|x86
		{1EBE0050-2455-47DB-A5A2-95D8E26402D2}.Debug|ARM.ActiveCfg = Debug|ARM
		{1EBE0050-2455-47DB-A5A2-95D8E26402D2}.Debug|ARM.Build.0 = Debug|ARM
		{1EBE0050-2455-47DB-A5A2-95D8E26402D2}.Debug|x64.ActiveCfg = Debug|x64
		{1EBE0050-2455-47DB-A5A2-95D8E26402D2}.Debug|x64.Build.0 = Debug|x64
		{1EBE0050-2455-47DB-A5A2-95D8E26402D2}.Debug|x86.ActiveCfg = Debug|x86
		{1EBE0050-2455-47DB-A5A2-95D8E26402D2}.Debug|x86.Build.0 = Debug|x86
		{1EBE0050-2455-47DB-A5A2-95D8E26402D2}.Master|ARM.ActiveCfg = Master|ARM
		{1EBE0050-2455-47DB-A5A2-95D8E26402D2}.Master|ARM.Build.0 = Master|ARM
		{1EBE0050-2455-47DB-A5A2-95D8E26402D2}.Master|x64.ActiveCfg = Master|x64
		{1EBE0050-2455-47DB-A5A2-95D8E26402D2}.Master|x64.Build.0 = Master|x64
		{1EBE0050-2455-47DB-A5A2-95D8E26402D2}.Master|x86.ActiveCfg = Master|x86
		{1EBE0050-2455-47DB-A5A2-95D8E26402D2}.Master|x86.Build.0 = Master|x86
		{1EBE0050-2455-47DB-A5A2-95D8E26402D2}.Release|ARM.ActiveCfg = Release|ARM
		{1EBE0050-2455-47DB-A5A2-95D8E26402D2}.Release|ARM.Build.0 = Release|ARM
		{1EBE0050-2455-47DB-A5A2-95D8E26402D2}.Release|x64.ActiveCfg = Release|x64
		{1EBE0050-2455-47DB-A5A2-95D8E26402D2}.Release|x64.Build.0 = Release|x64
		{1EBE0050-2455-47DB-A5A2-95D8E26402D2}.Release|x86.ActiveCfg = Release|x86
		{1EBE0050-2455-47DB-A5A2-95D8E26402D2}.Release|x86.Build.0 = Release|x86
		{CA8D4D8E-7358-470D-8827-E824EA8E7456}.Debug|ARM.ActiveCfg = Debug|ARM
		{CA8D4D8E-7358-470D-8827-E824EA8E7456}.Debug|ARM.Build.0 = Debug|ARM
		{CA8D4D8E-7358-470D-8827-E824EA8E7456}.Debug|x64.ActiveCfg = Debug|x64
		{CA8D4D8E-7358-470D-8827-E824EA8E7456}.Debug|x64.Build.0 = Debug|x64
		{CA8D4D8E-7358-470D-8827-E824EA8E7456}.Debug|x86.ActiveCfg = Debug|x86
		{CA8D4D8E-7358-470D-8827-E824EA8E7456}.Debug|x86.Build.0 = Debug|x86
		{CA8D4D8E-7358-470D-8827-E824EA8E7456}.Master|ARM.ActiveCfg = Master|ARM
		{CA8D4D8E-7358-470D-8827-E824EA8E7456}.Master|ARM.Build.0 = Master|ARM
		{CA8D4D8E-7358-470D-8827-E824EA8E7456}.Master|x64.ActiveCfg = Master|x64
		{CA8D4D8E-7358-470D-8827-E824EA8E7456}.Master|x64.Build.0 = Master|x64
		{CA8D4D8E-7358-470D-8827-E824EA8E7456}.Master|x86.ActiveCfg = Master|x86
		{CA8D4D8E-7358-470D-8827-E824EA8E7456}.Master|x86.Build.0 = Master|x86
		{CA8D4D8E-7358-470D-8827-E824EA8E7456}.Release|ARM.ActiveCfg = Release|ARM
		{CA8D4D8E-7358-470D-8827-E824EA8E7456}.Release|ARM.Build.0 = Release|ARM
		{CA8D4D8E-7358-470D-8827-E824EA8E7456}.Release|x64.ActiveCfg = Release|x64
		{CA8D4D8E-7358-470D-8827-E824EA8E7456}.Release|x64.Build.0 = Release|x64
		{CA8D4D8E-7358-470D-8827-E824EA8E7456}.Release|x86.ActiveCfg = Release|x86
		{CA8D4D8E-7358-470D-8827-E824EA8E7456}.Release|x86.Build.0 = Release|x86
		{E89F7442-D54E-486E-B7E1-67EAC47C8713}.Debug|ARM.ActiveCfg = Debug|ARM
		{E89F7442-D54E-486E-B7E1-67EAC47C8713}.Debug|ARM.Build.0 = Debug|ARM
		{E89F7442-D54E-486E-B7E1-67EAC47C8713}.Debug|x64.ActiveCfg = Debug|x64
		{E89F7442-D54E-486E-B7E1-67EAC47C8713}.Debug|x64.Build.0 = Debug|x64
		{E89F7442-D54E-486E-B7E1-67EAC47C8713}.Debug|x86.ActiveCfg = Debug|x86
		{E89F7442-D54E-486E-B7E1-67EAC47C8713}.Debug|x86.Build.0 = Debug|x86
		{E89F7442-D54E-486E-B7E1-67EAC47C8713}.Master|ARM.ActiveCfg = Master|ARM
		{E89F7442-D54E-486E-B7E1-67EAC47C8713}.Master|ARM.Build.0 = Master|ARM
		{E89F7442-D54E-486E-B7E1-67EAC47C8713}.Master|x64.ActiveCfg = Master|x64
		{E89F7442-D54E-486E-B7E1-67EAC47C8713}.Master|x64.Build.0 = Master|x64
		{E89F7442-D54E-486E-B7E1-67EAC47C8713}.Master|x86.ActiveCfg = Master|x86
		{E89F7442-D54E-486E-B7E1-67EAC47C8713}.Master|x86.Build.0 = Master|x86
		{E89F7442-D54E-486E-B7E1-67EAC47C8713}.Release|ARM.ActiveCfg = Release|ARM
		{E89F7442-D54E-486E-B7E1-67EAC47C8713}.Release|ARM.Build.0 = Release|ARM
		{E89F7442-D54E-486E-B7E1-67EAC47C8713}.Release|x64.ActiveCfg = Release|x64
		{E89F7442-D54E-486E-B7E1-67EAC47C8713}.Release|x64.Build.0 = Release|x64
		{E89F7442-D54E-486E-B7E1-67EAC47C8713}.Release|x86.ActiveCfg = Release|x86
		{E89F7442-D54E-486E-B7E1-67EAC47C8713}.Release|x86.Build.0 = Release|x86
		{37E9D636-F115-4AB0-A312-36CBDAE97A33}.Debug|ARM.ActiveCfg = Debug|ARM
		{37E9D636-F115-4AB0-A312-36CBDAE97A33}.Debug|ARM.Build.0 = Debug|ARM
		{37E9D636-F115-4AB0-A312-36CBDAE97A33}.Debug|x64.ActiveCfg = Debug|x64
		{37E9D636-F115-4AB0-A312-36CBDAE97A33}.Debug|x64.Build.0 = Debug|x64
		{37E9D636-F115-4AB0-A312-36CBDAE97A33}.Debug|x86.ActiveCfg = Debug|x86
		{37E9D636-F115-4AB0-A312-36CBDAE97A33}.Debug|x86.Build.0 = Debug|x86
		{37E9D636-F115-4AB0-A312-36CBDAE97A33}.Master|ARM.ActiveCfg = Master|ARM
		{37E9D636-F115-4AB0-A312-36CBDAE97A33}.Master|ARM.Build.0 = Master|ARM
		{37E9D636-F115-4AB0-A312-36CBDAE97A33}.Master|x64.ActiveCfg = Master|x64
		{37E9D636-F115-4AB0-A312-36CBDAE97A33}.Master|x64.Build.0 = Master|x64
		{37E9D636-F115-4AB0-A312-36CBDAE97A33}.Master|x86.ActiveCfg = Master|x86
		{37E9D636-F115-4AB0-A312-36CBDAE97A33}.Master|x86.Build.0 = Master|x86
		{37E9D636-F115-4AB0-A312-36CBDAE97A33}.Release|ARM.ActiveCfg = Release|ARM
		{37E9D636-F115-4AB0-A312-36CBDAE97A33}.Release|ARM.Build.0 = Release|ARM
		{37E9D636-F115-4AB0-A312-36CBDAE97A33}.Release|x64.ActiveCfg = Release|x64
		{37E9D636-F115-4AB0-A312-36CBDAE97A33}.Release|x64.Build.0 = Release|x64
		{37E9D636-F115-4AB0-A312-36CBDAE97A33}.Release|x86.ActiveCfg = Release|x86
		{37E9D636-F115-4AB0-A312-36CBDAE97A33}.Release|x86.Build.0 = Release|x86
	EndGlobalSection
	GlobalSection(SolutionProperties) = preSolution
		HideSolutionNode = FALSE
	EndGlobalSection
	GlobalSection(ExtensibilityGlobals) = postSolution
		SolutionGuid = {67E085D4-EE72-4C19-8FB1-107C4BBE602A}
	EndGlobalSection
EndGlobal
