
Microsoft Visual Studio Solution File, Format Version 12.00
# Visual Studio 15
VisualStudioVersion = 15.8.28010.2036
MinimumVisualStudioVersion = 10.0.40219.1
Project("{FAE04EC0-301F-11D3-BF4B-00C04F79EFBC}") = "TheHat", "TheHat\TheHat.csproj", "{13A45C13-3265-47B8-BC48-A553B569DF55}"
EndProject
Project("{FAE04EC0-301F-11D3-BF4B-00C04F79EFBC}") = "Assembly-CSharp", "D:\VR project\GitAPP\RecruitingARApp\TheHat\NewBuild1\GeneratedProjects\UWP\Assembly-CSharp\Assembly-CSharp.csproj", "{914D449F-D41B-4F03-9216-B8148CD5FB0E}"
EndProject
Project("{FAE04EC0-301F-11D3-BF4B-00C04F79EFBC}") = "Microsoft.MixedReality.Toolkit", "D:\VR project\GitAPP\RecruitingARApp\TheHat\NewBuild1\GeneratedProjects\UWP\Microsoft.MixedReality.Toolkit\Microsoft.MixedReality.Toolkit.csproj", "{912A03BC-DF1A-4E9B-9CA7-DE6A270B79DD}"
EndProject
Project("{FAE04EC0-301F-11D3-BF4B-00C04F79EFBC}") = "Microsoft.MixedReality.Toolkit.SDK", "D:\VR project\GitAPP\RecruitingARApp\TheHat\NewBuild1\GeneratedProjects\UWP\Microsoft.MixedReality.Toolkit.SDK\Microsoft.MixedReality.Toolkit.SDK.csproj", "{D22FE7E3-FAA7-4853-AA68-92FFAC4F4026}"
EndProject
Project("{FAE04EC0-301F-11D3-BF4B-00C04F79EFBC}") = "Microsoft.MixedReality.Toolkit.InputSystem", "D:\VR project\GitAPP\RecruitingARApp\TheHat\NewBuild1\GeneratedProjects\UWP\Microsoft.MixedReality.Toolkit.InputSystem\Microsoft.MixedReality.Toolkit.InputSystem.csproj", "{092EC23E-58D0-4DF0-882C-350EAECBB0F7}"
EndProject
Project("{FAE04EC0-301F-11D3-BF4B-00C04F79EFBC}") = "Microsoft.MixedReality.Toolkit.Examples", "D:\VR project\GitAPP\RecruitingARApp\TheHat\NewBuild1\GeneratedProjects\UWP\Microsoft.MixedReality.Toolkit.Examples\Microsoft.MixedReality.Toolkit.Examples.csproj", "{F384BAD5-A550-4D5E-9DC5-0CF87549827B}"
EndProject
Global
	GlobalSection(SolutionConfigurationPlatforms) = preSolution
		Debug|ARM = Debug|ARM
		Debug|x64 = Debug|x64
		Debug|x86 = Debug|x86
		Master|ARM = Master|ARM
		Master|x64 = Master|x64
		Master|x86 = Master|x86
		Release|ARM = Release|ARM
		Release|x64 = Release|x64
		Release|x86 = Release|x86
	EndGlobalSection
	GlobalSection(ProjectConfigurationPlatforms) = postSolution
		{13A45C13-3265-47B8-BC48-A553B569DF55}.Debug|ARM.ActiveCfg = Debug|ARM
		{13A45C13-3265-47B8-BC48-A553B569DF55}.Debug|ARM.Build.0 = Debug|ARM
		{13A45C13-3265-47B8-BC48-A553B569DF55}.Debug|ARM.Deploy.0 = Debug|ARM
		{13A45C13-3265-47B8-BC48-A553B569DF55}.Debug|x64.ActiveCfg = Debug|x64
		{13A45C13-3265-47B8-BC48-A553B569DF55}.Debug|x64.Build.0 = Debug|x64
		{13A45C13-3265-47B8-BC48-A553B569DF55}.Debug|x64.Deploy.0 = Debug|x64
		{13A45C13-3265-47B8-BC48-A553B569DF55}.Debug|x86.ActiveCfg = Debug|x86
		{13A45C13-3265-47B8-BC48-A553B569DF55}.Debug|x86.Build.0 = Debug|x86
		{13A45C13-3265-47B8-BC48-A553B569DF55}.Debug|x86.Deploy.0 = Debug|x86
		{13A45C13-3265-47B8-BC48-A553B569DF55}.Master|ARM.ActiveCfg = Master|ARM
		{13A45C13-3265-47B8-BC48-A553B569DF55}.Master|ARM.Build.0 = Master|ARM
		{13A45C13-3265-47B8-BC48-A553B569DF55}.Master|ARM.Deploy.0 = Master|ARM
		{13A45C13-3265-47B8-BC48-A553B569DF55}.Master|x64.ActiveCfg = Master|x64
		{13A45C13-3265-47B8-BC48-A553B569DF55}.Master|x64.Build.0 = Master|x64
		{13A45C13-3265-47B8-BC48-A553B569DF55}.Master|x64.Deploy.0 = Master|x64
		{13A45C13-3265-47B8-BC48-A553B569DF55}.Master|x86.ActiveCfg = Master|x86
		{13A45C13-3265-47B8-BC48-A553B569DF55}.Master|x86.Build.0 = Master|x86
		{13A45C13-3265-47B8-BC48-A553B569DF55}.Master|x86.Deploy.0 = Master|x86
		{13A45C13-3265-47B8-BC48-A553B569DF55}.Release|ARM.ActiveCfg = Release|ARM
		{13A45C13-3265-47B8-BC48-A553B569DF55}.Release|ARM.Build.0 = Release|ARM
		{13A45C13-3265-47B8-BC48-A553B569DF55}.Release|ARM.Deploy.0 = Release|ARM
		{13A45C13-3265-47B8-BC48-A553B569DF55}.Release|x64.ActiveCfg = Release|x64
		{13A45C13-3265-47B8-BC48-A553B569DF55}.Release|x64.Build.0 = Release|x64
		{13A45C13-3265-47B8-BC48-A553B569DF55}.Release|x64.Deploy.0 = Release|x64
		{13A45C13-3265-47B8-BC48-A553B569DF55}.Release|x86.ActiveCfg = Release|x86
		{13A45C13-3265-47B8-BC48-A553B569DF55}.Release|x86.Build.0 = Release|x86
		{13A45C13-3265-47B8-BC48-A553B569DF55}.Release|x86.Deploy.0 = Release|x86
		{914D449F-D41B-4F03-9216-B8148CD5FB0E}.Debug|ARM.ActiveCfg = Debug|ARM
		{914D449F-D41B-4F03-9216-B8148CD5FB0E}.Debug|ARM.Build.0 = Debug|ARM
		{914D449F-D41B-4F03-9216-B8148CD5FB0E}.Debug|x64.ActiveCfg = Debug|x64
		{914D449F-D41B-4F03-9216-B8148CD5FB0E}.Debug|x64.Build.0 = Debug|x64
		{914D449F-D41B-4F03-9216-B8148CD5FB0E}.Debug|x86.ActiveCfg = Debug|x86
		{914D449F-D41B-4F03-9216-B8148CD5FB0E}.Debug|x86.Build.0 = Debug|x86
		{914D449F-D41B-4F03-9216-B8148CD5FB0E}.Master|ARM.ActiveCfg = Master|ARM
		{914D449F-D41B-4F03-9216-B8148CD5FB0E}.Master|ARM.Build.0 = Master|ARM
		{914D449F-D41B-4F03-9216-B8148CD5FB0E}.Master|x64.ActiveCfg = Master|x64
		{914D449F-D41B-4F03-9216-B8148CD5FB0E}.Master|x64.Build.0 = Master|x64
		{914D449F-D41B-4F03-9216-B8148CD5FB0E}.Master|x86.ActiveCfg = Master|x86
		{914D449F-D41B-4F03-9216-B8148CD5FB0E}.Master|x86.Build.0 = Master|x86
		{914D449F-D41B-4F03-9216-B8148CD5FB0E}.Release|ARM.ActiveCfg = Release|ARM
		{914D449F-D41B-4F03-9216-B8148CD5FB0E}.Release|ARM.Build.0 = Release|ARM
		{914D449F-D41B-4F03-9216-B8148CD5FB0E}.Release|x64.ActiveCfg = Release|x64
		{914D449F-D41B-4F03-9216-B8148CD5FB0E}.Release|x64.Build.0 = Release|x64
		{914D449F-D41B-4F03-9216-B8148CD5FB0E}.Release|x86.ActiveCfg = Release|x86
		{914D449F-D41B-4F03-9216-B8148CD5FB0E}.Release|x86.Build.0 = Release|x86
		{912A03BC-DF1A-4E9B-9CA7-DE6A270B79DD}.Debug|ARM.ActiveCfg = Debug|ARM
		{912A03BC-DF1A-4E9B-9CA7-DE6A270B79DD}.Debug|ARM.Build.0 = Debug|ARM
		{912A03BC-DF1A-4E9B-9CA7-DE6A270B79DD}.Debug|x64.ActiveCfg = Debug|x64
		{912A03BC-DF1A-4E9B-9CA7-DE6A270B79DD}.Debug|x64.Build.0 = Debug|x64
		{912A03BC-DF1A-4E9B-9CA7-DE6A270B79DD}.Debug|x86.ActiveCfg = Debug|x86
		{912A03BC-DF1A-4E9B-9CA7-DE6A270B79DD}.Debug|x86.Build.0 = Debug|x86
		{912A03BC-DF1A-4E9B-9CA7-DE6A270B79DD}.Master|ARM.ActiveCfg = Master|ARM
		{912A03BC-DF1A-4E9B-9CA7-DE6A270B79DD}.Master|ARM.Build.0 = Master|ARM
		{912A03BC-DF1A-4E9B-9CA7-DE6A270B79DD}.Master|x64.ActiveCfg = Master|x64
		{912A03BC-DF1A-4E9B-9CA7-DE6A270B79DD}.Master|x64.Build.0 = Master|x64
		{912A03BC-DF1A-4E9B-9CA7-DE6A270B79DD}.Master|x86.ActiveCfg = Master|x86
		{912A03BC-DF1A-4E9B-9CA7-DE6A270B79DD}.Master|x86.Build.0 = Master|x86
		{912A03BC-DF1A-4E9B-9CA7-DE6A270B79DD}.Release|ARM.ActiveCfg = Release|ARM
		{912A03BC-DF1A-4E9B-9CA7-DE6A270B79DD}.Release|ARM.Build.0 = Release|ARM
		{912A03BC-DF1A-4E9B-9CA7-DE6A270B79DD}.Release|x64.ActiveCfg = Release|x64
		{912A03BC-DF1A-4E9B-9CA7-DE6A270B79DD}.Release|x64.Build.0 = Release|x64
		{912A03BC-DF1A-4E9B-9CA7-DE6A270B79DD}.Release|x86.ActiveCfg = Release|x86
		{912A03BC-DF1A-4E9B-9CA7-DE6A270B79DD}.Release|x86.Build.0 = Release|x86
		{D22FE7E3-FAA7-4853-AA68-92FFAC4F4026}.Debug|ARM.ActiveCfg = Debug|ARM
		{D22FE7E3-FAA7-4853-AA68-92FFAC4F4026}.Debug|ARM.Build.0 = Debug|ARM
		{D22FE7E3-FAA7-4853-AA68-92FFAC4F4026}.Debug|x64.ActiveCfg = Debug|x64
		{D22FE7E3-FAA7-4853-AA68-92FFAC4F4026}.Debug|x64.Build.0 = Debug|x64
		{D22FE7E3-FAA7-4853-AA68-92FFAC4F4026}.Debug|x86.ActiveCfg = Debug|x86
		{D22FE7E3-FAA7-4853-AA68-92FFAC4F4026}.Debug|x86.Build.0 = Debug|x86
		{D22FE7E3-FAA7-4853-AA68-92FFAC4F4026}.Master|ARM.ActiveCfg = Master|ARM
		{D22FE7E3-FAA7-4853-AA68-92FFAC4F4026}.Master|ARM.Build.0 = Master|ARM
		{D22FE7E3-FAA7-4853-AA68-92FFAC4F4026}.Master|x64.ActiveCfg = Master|x64
		{D22FE7E3-FAA7-4853-AA68-92FFAC4F4026}.Master|x64.Build.0 = Master|x64
		{D22FE7E3-FAA7-4853-AA68-92FFAC4F4026}.Master|x86.ActiveCfg = Master|x86
		{D22FE7E3-FAA7-4853-AA68-92FFAC4F4026}.Master|x86.Build.0 = Master|x86
		{D22FE7E3-FAA7-4853-AA68-92FFAC4F4026}.Release|ARM.ActiveCfg = Release|ARM
		{D22FE7E3-FAA7-4853-AA68-92FFAC4F4026}.Release|ARM.Build.0 = Release|ARM
		{D22FE7E3-FAA7-4853-AA68-92FFAC4F4026}.Release|x64.ActiveCfg = Release|x64
		{D22FE7E3-FAA7-4853-AA68-92FFAC4F4026}.Release|x64.Build.0 = Release|x64
		{D22FE7E3-FAA7-4853-AA68-92FFAC4F4026}.Release|x86.ActiveCfg = Release|x86
		{D22FE7E3-FAA7-4853-AA68-92FFAC4F4026}.Release|x86.Build.0 = Release|x86
		{092EC23E-58D0-4DF0-882C-350EAECBB0F7}.Debug|ARM.ActiveCfg = Debug|ARM
		{092EC23E-58D0-4DF0-882C-350EAECBB0F7}.Debug|ARM.Build.0 = Debug|ARM
		{092EC23E-58D0-4DF0-882C-350EAECBB0F7}.Debug|x64.ActiveCfg = Debug|x64
		{092EC23E-58D0-4DF0-882C-350EAECBB0F7}.Debug|x64.Build.0 = Debug|x64
		{092EC23E-58D0-4DF0-882C-350EAECBB0F7}.Debug|x86.ActiveCfg = Debug|x86
		{092EC23E-58D0-4DF0-882C-350EAECBB0F7}.Debug|x86.Build.0 = Debug|x86
		{092EC23E-58D0-4DF0-882C-350EAECBB0F7}.Master|ARM.ActiveCfg = Master|ARM
		{092EC23E-58D0-4DF0-882C-350EAECBB0F7}.Master|ARM.Build.0 = Master|ARM
		{092EC23E-58D0-4DF0-882C-350EAECBB0F7}.Master|x64.ActiveCfg = Master|x64
		{092EC23E-58D0-4DF0-882C-350EAECBB0F7}.Master|x64.Build.0 = Master|x64
		{092EC23E-58D0-4DF0-882C-350EAECBB0F7}.Master|x86.ActiveCfg = Master|x86
		{092EC23E-58D0-4DF0-882C-350EAECBB0F7}.Master|x86.Build.0 = Master|x86
		{092EC23E-58D0-4DF0-882C-350EAECBB0F7}.Release|ARM.ActiveCfg = Release|ARM
		{092EC23E-58D0-4DF0-882C-350EAECBB0F7}.Release|ARM.Build.0 = Release|ARM
		{092EC23E-58D0-4DF0-882C-350EAECBB0F7}.Release|x64.ActiveCfg = Release|x64
		{092EC23E-58D0-4DF0-882C-350EAECBB0F7}.Release|x64.Build.0 = Release|x64
		{092EC23E-58D0-4DF0-882C-350EAECBB0F7}.Release|x86.ActiveCfg = Release|x86
		{092EC23E-58D0-4DF0-882C-350EAECBB0F7}.Release|x86.Build.0 = Release|x86
		{F384BAD5-A550-4D5E-9DC5-0CF87549827B}.Debug|ARM.ActiveCfg = Debug|ARM
		{F384BAD5-A550-4D5E-9DC5-0CF87549827B}.Debug|ARM.Build.0 = Debug|ARM
		{F384BAD5-A550-4D5E-9DC5-0CF87549827B}.Debug|x64.ActiveCfg = Debug|x64
		{F384BAD5-A550-4D5E-9DC5-0CF87549827B}.Debug|x64.Build.0 = Debug|x64
		{F384BAD5-A550-4D5E-9DC5-0CF87549827B}.Debug|x86.ActiveCfg = Debug|x86
		{F384BAD5-A550-4D5E-9DC5-0CF87549827B}.Debug|x86.Build.0 = Debug|x86
		{F384BAD5-A550-4D5E-9DC5-0CF87549827B}.Master|ARM.ActiveCfg = Master|ARM
		{F384BAD5-A550-4D5E-9DC5-0CF87549827B}.Master|ARM.Build.0 = Master|ARM
		{F384BAD5-A550-4D5E-9DC5-0CF87549827B}.Master|x64.ActiveCfg = Master|x64
		{F384BAD5-A550-4D5E-9DC5-0CF87549827B}.Master|x64.Build.0 = Master|x64
		{F384BAD5-A550-4D5E-9DC5-0CF87549827B}.Master|x86.ActiveCfg = Master|x86
		{F384BAD5-A550-4D5E-9DC5-0CF87549827B}.Master|x86.Build.0 = Master|x86
		{F384BAD5-A550-4D5E-9DC5-0CF87549827B}.Release|ARM.ActiveCfg = Release|ARM
		{F384BAD5-A550-4D5E-9DC5-0CF87549827B}.Release|ARM.Build.0 = Release|ARM
		{F384BAD5-A550-4D5E-9DC5-0CF87549827B}.Release|x64.ActiveCfg = Release|x64
		{F384BAD5-A550-4D5E-9DC5-0CF87549827B}.Release|x64.Build.0 = Release|x64
		{F384BAD5-A550-4D5E-9DC5-0CF87549827B}.Release|x86.ActiveCfg = Release|x86
		{F384BAD5-A550-4D5E-9DC5-0CF87549827B}.Release|x86.Build.0 = Release|x86
	EndGlobalSection
	GlobalSection(SolutionProperties) = preSolution
		HideSolutionNode = FALSE
	EndGlobalSection
	GlobalSection(ExtensibilityGlobals) = postSolution
		SolutionGuid = {F7900514-AE59-476B-BA16-BF4B95AF6959}
	EndGlobalSection
EndGlobal
