
Microsoft Visual Studio Solution File, Format Version 12.00
# Visual Studio 15
VisualStudioVersion = 15.8.28010.2036
MinimumVisualStudioVersion = 10.0.40219.1
Project("{FAE04EC0-301F-11D3-BF4B-00C04F79EFBC}") = "TheHat", "TheHat\TheHat.csproj", "{13A45C13-3265-47B8-BC48-A553B569DF55}"
EndProject
Project("{FAE04EC0-301F-11D3-BF4B-00C04F79EFBC}") = "Assembly-CSharp", "D:\VR project\GitAPP\RecruitingARApp\TheHat\NewBuild1\GeneratedProjects\UWP\Assembly-CSharp\Assembly-CSharp.csproj", "{6B55E0CD-5D1C-464B-B93B-3963B94DC53A}"
EndProject
Project("{FAE04EC0-301F-11D3-BF4B-00C04F79EFBC}") = "Microsoft.MixedReality.Toolkit", "D:\VR project\GitAPP\RecruitingARApp\TheHat\NewBuild1\GeneratedProjects\UWP\Microsoft.MixedReality.Toolkit\Microsoft.MixedReality.Toolkit.csproj", "{7E112597-69F5-4849-B707-88B56A7F26F8}"
EndProject
Project("{FAE04EC0-301F-11D3-BF4B-00C04F79EFBC}") = "Microsoft.MixedReality.Toolkit.SDK", "D:\VR project\GitAPP\RecruitingARApp\TheHat\NewBuild1\GeneratedProjects\UWP\Microsoft.MixedReality.Toolkit.SDK\Microsoft.MixedReality.Toolkit.SDK.csproj", "{5DB11BD7-0071-475C-AF12-1E45D547539C}"
EndProject
Project("{FAE04EC0-301F-11D3-BF4B-00C04F79EFBC}") = "Microsoft.MixedReality.Toolkit.InputSystem", "D:\VR project\GitAPP\RecruitingARApp\TheHat\NewBuild1\GeneratedProjects\UWP\Microsoft.MixedReality.Toolkit.InputSystem\Microsoft.MixedReality.Toolkit.InputSystem.csproj", "{F6DB1AD9-3120-4FA4-81B6-9BCCA468E1DC}"
EndProject
Project("{FAE04EC0-301F-11D3-BF4B-00C04F79EFBC}") = "Microsoft.MixedReality.Toolkit.Examples", "D:\VR project\GitAPP\RecruitingARApp\TheHat\NewBuild1\GeneratedProjects\UWP\Microsoft.MixedReality.Toolkit.Examples\Microsoft.MixedReality.Toolkit.Examples.csproj", "{E04536E1-191D-41A0-AFBE-B97E83FBD85B}"
EndProject
Global
	GlobalSection(SolutionConfigurationPlatforms) = preSolution
		Debug|ARM = Debug|ARM
		Debug|x64 = Debug|x64
		Debug|x86 = Debug|x86
		Master|ARM = Master|ARM
		Master|x64 = Master|x64
		Master|x86 = Master|x86
		Release|ARM = Release|ARM
		Release|x64 = Release|x64
		Release|x86 = Release|x86
	EndGlobalSection
	GlobalSection(ProjectConfigurationPlatforms) = postSolution
		{13A45C13-3265-47B8-BC48-A553B569DF55}.Debug|ARM.ActiveCfg = Debug|ARM
		{13A45C13-3265-47B8-BC48-A553B569DF55}.Debug|ARM.Build.0 = Debug|ARM
		{13A45C13-3265-47B8-BC48-A553B569DF55}.Debug|ARM.Deploy.0 = Debug|ARM
		{13A45C13-3265-47B8-BC48-A553B569DF55}.Debug|x64.ActiveCfg = Debug|x64
		{13A45C13-3265-47B8-BC48-A553B569DF55}.Debug|x64.Build.0 = Debug|x64
		{13A45C13-3265-47B8-BC48-A553B569DF55}.Debug|x64.Deploy.0 = Debug|x64
		{13A45C13-3265-47B8-BC48-A553B569DF55}.Debug|x86.ActiveCfg = Debug|x86
		{13A45C13-3265-47B8-BC48-A553B569DF55}.Debug|x86.Build.0 = Debug|x86
		{13A45C13-3265-47B8-BC48-A553B569DF55}.Debug|x86.Deploy.0 = Debug|x86
		{13A45C13-3265-47B8-BC48-A553B569DF55}.Master|ARM.ActiveCfg = Master|ARM
		{13A45C13-3265-47B8-BC48-A553B569DF55}.Master|ARM.Build.0 = Master|ARM
		{13A45C13-3265-47B8-BC48-A553B569DF55}.Master|ARM.Deploy.0 = Master|ARM
		{13A45C13-3265-47B8-BC48-A553B569DF55}.Master|x64.ActiveCfg = Master|x64
		{13A45C13-3265-47B8-BC48-A553B569DF55}.Master|x64.Build.0 = Master|x64
		{13A45C13-3265-47B8-BC48-A553B569DF55}.Master|x64.Deploy.0 = Master|x64
		{13A45C13-3265-47B8-BC48-A553B569DF55}.Master|x86.ActiveCfg = Master|x86
		{13A45C13-3265-47B8-BC48-A553B569DF55}.Master|x86.Build.0 = Master|x86
		{13A45C13-3265-47B8-BC48-A553B569DF55}.Master|x86.Deploy.0 = Master|x86
		{13A45C13-3265-47B8-BC48-A553B569DF55}.Release|ARM.ActiveCfg = Release|ARM
		{13A45C13-3265-47B8-BC48-A553B569DF55}.Release|ARM.Build.0 = Release|ARM
		{13A45C13-3265-47B8-BC48-A553B569DF55}.Release|ARM.Deploy.0 = Release|ARM
		{13A45C13-3265-47B8-BC48-A553B569DF55}.Release|x64.ActiveCfg = Release|x64
		{13A45C13-3265-47B8-BC48-A553B569DF55}.Release|x64.Build.0 = Release|x64
		{13A45C13-3265-47B8-BC48-A553B569DF55}.Release|x64.Deploy.0 = Release|x64
		{13A45C13-3265-47B8-BC48-A553B569DF55}.Release|x86.ActiveCfg = Release|x86
		{13A45C13-3265-47B8-BC48-A553B569DF55}.Release|x86.Build.0 = Release|x86
		{13A45C13-3265-47B8-BC48-A553B569DF55}.Release|x86.Deploy.0 = Release|x86
		{6B55E0CD-5D1C-464B-B93B-3963B94DC53A}.Debug|ARM.ActiveCfg = Debug|ARM
		{6B55E0CD-5D1C-464B-B93B-3963B94DC53A}.Debug|ARM.Build.0 = Debug|ARM
		{6B55E0CD-5D1C-464B-B93B-3963B94DC53A}.Debug|x64.ActiveCfg = Debug|x64
		{6B55E0CD-5D1C-464B-B93B-3963B94DC53A}.Debug|x64.Build.0 = Debug|x64
		{6B55E0CD-5D1C-464B-B93B-3963B94DC53A}.Debug|x86.ActiveCfg = Debug|x86
		{6B55E0CD-5D1C-464B-B93B-3963B94DC53A}.Debug|x86.Build.0 = Debug|x86
		{6B55E0CD-5D1C-464B-B93B-3963B94DC53A}.Master|ARM.ActiveCfg = Master|ARM
		{6B55E0CD-5D1C-464B-B93B-3963B94DC53A}.Master|ARM.Build.0 = Master|ARM
		{6B55E0CD-5D1C-464B-B93B-3963B94DC53A}.Master|x64.ActiveCfg = Master|x64
		{6B55E0CD-5D1C-464B-B93B-3963B94DC53A}.Master|x64.Build.0 = Master|x64
		{6B55E0CD-5D1C-464B-B93B-3963B94DC53A}.Master|x86.ActiveCfg = Master|x86
		{6B55E0CD-5D1C-464B-B93B-3963B94DC53A}.Master|x86.Build.0 = Master|x86
		{6B55E0CD-5D1C-464B-B93B-3963B94DC53A}.Release|ARM.ActiveCfg = Release|ARM
		{6B55E0CD-5D1C-464B-B93B-3963B94DC53A}.Release|ARM.Build.0 = Release|ARM
		{6B55E0CD-5D1C-464B-B93B-3963B94DC53A}.Release|x64.ActiveCfg = Release|x64
		{6B55E0CD-5D1C-464B-B93B-3963B94DC53A}.Release|x64.Build.0 = Release|x64
		{6B55E0CD-5D1C-464B-B93B-3963B94DC53A}.Release|x86.ActiveCfg = Release|x86
		{6B55E0CD-5D1C-464B-B93B-3963B94DC53A}.Release|x86.Build.0 = Release|x86
		{7E112597-69F5-4849-B707-88B56A7F26F8}.Debug|ARM.ActiveCfg = Debug|ARM
		{7E112597-69F5-4849-B707-88B56A7F26F8}.Debug|ARM.Build.0 = Debug|ARM
		{7E112597-69F5-4849-B707-88B56A7F26F8}.Debug|x64.ActiveCfg = Debug|x64
		{7E112597-69F5-4849-B707-88B56A7F26F8}.Debug|x64.Build.0 = Debug|x64
		{7E112597-69F5-4849-B707-88B56A7F26F8}.Debug|x86.ActiveCfg = Debug|x86
		{7E112597-69F5-4849-B707-88B56A7F26F8}.Debug|x86.Build.0 = Debug|x86
		{7E112597-69F5-4849-B707-88B56A7F26F8}.Master|ARM.ActiveCfg = Master|ARM
		{7E112597-69F5-4849-B707-88B56A7F26F8}.Master|ARM.Build.0 = Master|ARM
		{7E112597-69F5-4849-B707-88B56A7F26F8}.Master|x64.ActiveCfg = Master|x64
		{7E112597-69F5-4849-B707-88B56A7F26F8}.Master|x64.Build.0 = Master|x64
		{7E112597-69F5-4849-B707-88B56A7F26F8}.Master|x86.ActiveCfg = Master|x86
		{7E112597-69F5-4849-B707-88B56A7F26F8}.Master|x86.Build.0 = Master|x86
		{7E112597-69F5-4849-B707-88B56A7F26F8}.Release|ARM.ActiveCfg = Release|ARM
		{7E112597-69F5-4849-B707-88B56A7F26F8}.Release|ARM.Build.0 = Release|ARM
		{7E112597-69F5-4849-B707-88B56A7F26F8}.Release|x64.ActiveCfg = Release|x64
		{7E112597-69F5-4849-B707-88B56A7F26F8}.Release|x64.Build.0 = Release|x64
		{7E112597-69F5-4849-B707-88B56A7F26F8}.Release|x86.ActiveCfg = Release|x86
		{7E112597-69F5-4849-B707-88B56A7F26F8}.Release|x86.Build.0 = Release|x86
		{5DB11BD7-0071-475C-AF12-1E45D547539C}.Debug|ARM.ActiveCfg = Debug|ARM
		{5DB11BD7-0071-475C-AF12-1E45D547539C}.Debug|ARM.Build.0 = Debug|ARM
		{5DB11BD7-0071-475C-AF12-1E45D547539C}.Debug|x64.ActiveCfg = Debug|x64
		{5DB11BD7-0071-475C-AF12-1E45D547539C}.Debug|x64.Build.0 = Debug|x64
		{5DB11BD7-0071-475C-AF12-1E45D547539C}.Debug|x86.ActiveCfg = Debug|x86
		{5DB11BD7-0071-475C-AF12-1E45D547539C}.Debug|x86.Build.0 = Debug|x86
		{5DB11BD7-0071-475C-AF12-1E45D547539C}.Master|ARM.ActiveCfg = Master|ARM
		{5DB11BD7-0071-475C-AF12-1E45D547539C}.Master|ARM.Build.0 = Master|ARM
		{5DB11BD7-0071-475C-AF12-1E45D547539C}.Master|x64.ActiveCfg = Master|x64
		{5DB11BD7-0071-475C-AF12-1E45D547539C}.Master|x64.Build.0 = Master|x64
		{5DB11BD7-0071-475C-AF12-1E45D547539C}.Master|x86.ActiveCfg = Master|x86
		{5DB11BD7-0071-475C-AF12-1E45D547539C}.Master|x86.Build.0 = Master|x86
		{5DB11BD7-0071-475C-AF12-1E45D547539C}.Release|ARM.ActiveCfg = Release|ARM
		{5DB11BD7-0071-475C-AF12-1E45D547539C}.Release|ARM.Build.0 = Release|ARM
		{5DB11BD7-0071-475C-AF12-1E45D547539C}.Release|x64.ActiveCfg = Release|x64
		{5DB11BD7-0071-475C-AF12-1E45D547539C}.Release|x64.Build.0 = Release|x64
		{5DB11BD7-0071-475C-AF12-1E45D547539C}.Release|x86.ActiveCfg = Release|x86
		{5DB11BD7-0071-475C-AF12-1E45D547539C}.Release|x86.Build.0 = Release|x86
		{F6DB1AD9-3120-4FA4-81B6-9BCCA468E1DC}.Debug|ARM.ActiveCfg = Debug|ARM
		{F6DB1AD9-3120-4FA4-81B6-9BCCA468E1DC}.Debug|ARM.Build.0 = Debug|ARM
		{F6DB1AD9-3120-4FA4-81B6-9BCCA468E1DC}.Debug|x64.ActiveCfg = Debug|x64
		{F6DB1AD9-3120-4FA4-81B6-9BCCA468E1DC}.Debug|x64.Build.0 = Debug|x64
		{F6DB1AD9-3120-4FA4-81B6-9BCCA468E1DC}.Debug|x86.ActiveCfg = Debug|x86
		{F6DB1AD9-3120-4FA4-81B6-9BCCA468E1DC}.Debug|x86.Build.0 = Debug|x86
		{F6DB1AD9-3120-4FA4-81B6-9BCCA468E1DC}.Master|ARM.ActiveCfg = Master|ARM
		{F6DB1AD9-3120-4FA4-81B6-9BCCA468E1DC}.Master|ARM.Build.0 = Master|ARM
		{F6DB1AD9-3120-4FA4-81B6-9BCCA468E1DC}.Master|x64.ActiveCfg = Master|x64
		{F6DB1AD9-3120-4FA4-81B6-9BCCA468E1DC}.Master|x64.Build.0 = Master|x64
		{F6DB1AD9-3120-4FA4-81B6-9BCCA468E1DC}.Master|x86.ActiveCfg = Master|x86
		{F6DB1AD9-3120-4FA4-81B6-9BCCA468E1DC}.Master|x86.Build.0 = Master|x86
		{F6DB1AD9-3120-4FA4-81B6-9BCCA468E1DC}.Release|ARM.ActiveCfg = Release|ARM
		{F6DB1AD9-3120-4FA4-81B6-9BCCA468E1DC}.Release|ARM.Build.0 = Release|ARM
		{F6DB1AD9-3120-4FA4-81B6-9BCCA468E1DC}.Release|x64.ActiveCfg = Release|x64
		{F6DB1AD9-3120-4FA4-81B6-9BCCA468E1DC}.Release|x64.Build.0 = Release|x64
		{F6DB1AD9-3120-4FA4-81B6-9BCCA468E1DC}.Release|x86.ActiveCfg = Release|x86
		{F6DB1AD9-3120-4FA4-81B6-9BCCA468E1DC}.Release|x86.Build.0 = Release|x86
		{E04536E1-191D-41A0-AFBE-B97E83FBD85B}.Debug|ARM.ActiveCfg = Debug|ARM
		{E04536E1-191D-41A0-AFBE-B97E83FBD85B}.Debug|ARM.Build.0 = Debug|ARM
		{E04536E1-191D-41A0-AFBE-B97E83FBD85B}.Debug|x64.ActiveCfg = Debug|x64
		{E04536E1-191D-41A0-AFBE-B97E83FBD85B}.Debug|x64.Build.0 = Debug|x64
		{E04536E1-191D-41A0-AFBE-B97E83FBD85B}.Debug|x86.ActiveCfg = Debug|x86
		{E04536E1-191D-41A0-AFBE-B97E83FBD85B}.Debug|x86.Build.0 = Debug|x86
		{E04536E1-191D-41A0-AFBE-B97E83FBD85B}.Master|ARM.ActiveCfg = Master|ARM
		{E04536E1-191D-41A0-AFBE-B97E83FBD85B}.Master|ARM.Build.0 = Master|ARM
		{E04536E1-191D-41A0-AFBE-B97E83FBD85B}.Master|x64.ActiveCfg = Master|x64
		{E04536E1-191D-41A0-AFBE-B97E83FBD85B}.Master|x64.Build.0 = Master|x64
		{E04536E1-191D-41A0-AFBE-B97E83FBD85B}.Master|x86.ActiveCfg = Master|x86
		{E04536E1-191D-41A0-AFBE-B97E83FBD85B}.Master|x86.Build.0 = Master|x86
		{E04536E1-191D-41A0-AFBE-B97E83FBD85B}.Release|ARM.ActiveCfg = Release|ARM
		{E04536E1-191D-41A0-AFBE-B97E83FBD85B}.Release|ARM.Build.0 = Release|ARM
		{E04536E1-191D-41A0-AFBE-B97E83FBD85B}.Release|x64.ActiveCfg = Release|x64
		{E04536E1-191D-41A0-AFBE-B97E83FBD85B}.Release|x64.Build.0 = Release|x64
		{E04536E1-191D-41A0-AFBE-B97E83FBD85B}.Release|x86.ActiveCfg = Release|x86
		{E04536E1-191D-41A0-AFBE-B97E83FBD85B}.Release|x86.Build.0 = Release|x86
	EndGlobalSection
	GlobalSection(SolutionProperties) = preSolution
		HideSolutionNode = FALSE
	EndGlobalSection
	GlobalSection(ExtensibilityGlobals) = postSolution
		SolutionGuid = {B4873EF5-0A29-427A-9F30-D29D68612CF4}
	EndGlobalSection
EndGlobal
