
Microsoft Visual Studio Solution File, Format Version 11.00
# Visual Studio 2010
Project("{FAE04EC0-301F-11D3-BF4B-00C04F79EFBC}") = "TheHat", "Assembly-CSharp.csproj", "{BE623336-904F-DD56-9920-9DC180C73A90}"
EndProject
Project("{FAE04EC0-301F-11D3-BF4B-00C04F79EFBC}") = "TheHat", "Microsoft.MixedReality.Toolkit.csproj", "{67A2822C-34F1-B6F6-4F69-CB84B87E829A}"
EndProject
Project("{FAE04EC0-301F-11D3-BF4B-00C04F79EFBC}") = "TheHat", "Microsoft.MixedReality.Toolkit.SDK.csproj", "{A67AED5A-A22C-02D3-498D-B46FE820CD15}"
EndProject
Project("{FAE04EC0-301F-11D3-BF4B-00C04F79EFBC}") = "TheHat", "Microsoft.MixedReality.Toolkit.InputSystem.csproj", "{2C5C6E62-04FC-24DA-3122-7D05B390D648}"
EndProject
Project("{FAE04EC0-301F-11D3-BF4B-00C04F79EFBC}") = "TheHat", "Microsoft.MixedReality.Toolkit.Examples.csproj", "{67F739F4-92BD-19B8-4A01-27FD1A105EA0}"
EndProject
Project("{FAE04EC0-301F-11D3-BF4B-00C04F79EFBC}") = "TheHat", "Assembly-CSharp-Editor.csproj", "{3F6D02D9-5DB6-74D9-EB38-34495BAAF6AA}"
EndProject
Project("{FAE04EC0-301F-11D3-BF4B-00C04F79EFBC}") = "TheHat", "Microsoft.MixedReality.Toolkit.Internal.Inspectors.csproj", "{E0CCCD32-F9F2-65B9-C0F6-7C007EAB7AD7}"
EndProject
Project("{FAE04EC0-301F-11D3-BF4B-00C04F79EFBC}") = "TheHat", "Microsoft.MixedReality.Toolkit.SDK.Inspectors.csproj", "{4AD31716-333B-293A-E96F-42E0ED22F05D}"
EndProject
Project("{FAE04EC0-301F-11D3-BF4B-00C04F79EFBC}") = "TheHat", "Microsoft.MixedReality.Toolkit.Internal.Utilities.Editor.csproj", "{7D1DA3AF-8823-961D-1790-FBAB537FBC15}"
EndProject
Project("{FAE04EC0-301F-11D3-BF4B-00C04F79EFBC}") = "TheHat", "Microsoft.MixedReality.Toolkit.Internal.Build.csproj", "{49B32B33-6D34-B5C9-0BC8-53AC78BBE86D}"
EndProject
Project("{FAE04EC0-301F-11D3-BF4B-00C04F79EFBC}") = "TheHat", "Microsoft.MixedReality.Toolkit.Internal.Definitions.Utilities.Editor.csproj", "{164A8B68-F62D-3C9A-832B-A4CEFF980205}"
EndProject
Project("{FAE04EC0-301F-11D3-BF4B-00C04F79EFBC}") = "TheHat", "Microsoft.MixedReality.Toolkit.InputSystem.Inspectors.csproj", "{79832587-37C0-31B6-B51A-A93E5C6BA50E}"
EndProject
Project("{FAE04EC0-301F-11D3-BF4B-00C04F79EFBC}") = "TheHat", "Microsoft.MixedReality.Toolkit.Examples.Demos.StandardShader.Inspectors.csproj", "{ADCCA6A7-791F-91AA-DAAD-22FE88FED993}"
EndProject
Project("{FAE04EC0-301F-11D3-BF4B-00C04F79EFBC}") = "TheHat", "Microsoft.MixedReality.Toolkit.Internal.Extensions.EditorClassExtensions.csproj", "{230A300E-2810-12FD-688D-BF3947F63AE8}"
EndProject
Project("{FAE04EC0-301F-11D3-BF4B-00C04F79EFBC}") = "TheHat", "Microsoft.MixedReality.Toolkit.Internal.Utilities.Editor.Setup.csproj", "{4B579221-C71D-BC40-35D5-65ACAFB505BA}"
EndProject
Global
	GlobalSection(SolutionConfigurationPlatforms) = preSolution
		Debug|Any CPU = Debug|Any CPU
		Release|Any CPU = Release|Any CPU
	EndGlobalSection
	GlobalSection(ProjectConfigurationPlatforms) = postSolution
		{BE623336-904F-DD56-9920-9DC180C73A90}.Debug|Any CPU.ActiveCfg = Debug|Any CPU
		{BE623336-904F-DD56-9920-9DC180C73A90}.Debug|Any CPU.Build.0 = Debug|Any CPU
		{BE623336-904F-DD56-9920-9DC180C73A90}.Release|Any CPU.ActiveCfg = Release|Any CPU
		{BE623336-904F-DD56-9920-9DC180C73A90}.Release|Any CPU.Build.0 = Release|Any CPU
		{67A2822C-34F1-B6F6-4F69-CB84B87E829A}.Debug|Any CPU.ActiveCfg = Debug|Any CPU
		{67A2822C-34F1-B6F6-4F69-CB84B87E829A}.Debug|Any CPU.Build.0 = Debug|Any CPU
		{67A2822C-34F1-B6F6-4F69-CB84B87E829A}.Release|Any CPU.ActiveCfg = Release|Any CPU
		{67A2822C-34F1-B6F6-4F69-CB84B87E829A}.Release|Any CPU.Build.0 = Release|Any CPU
		{A67AED5A-A22C-02D3-498D-B46FE820CD15}.Debug|Any CPU.ActiveCfg = Debug|Any CPU
		{A67AED5A-A22C-02D3-498D-B46FE820CD15}.Debug|Any CPU.Build.0 = Debug|Any CPU
		{A67AED5A-A22C-02D3-498D-B46FE820CD15}.Release|Any CPU.ActiveCfg = Release|Any CPU
		{A67AED5A-A22C-02D3-498D-B46FE820CD15}.Release|Any CPU.Build.0 = Release|Any CPU
		{2C5C6E62-04FC-24DA-3122-7D05B390D648}.Debug|Any CPU.ActiveCfg = Debug|Any CPU
		{2C5C6E62-04FC-24DA-3122-7D05B390D648}.Debug|Any CPU.Build.0 = Debug|Any CPU
		{2C5C6E62-04FC-24DA-3122-7D05B390D648}.Release|Any CPU.ActiveCfg = Release|Any CPU
		{2C5C6E62-04FC-24DA-3122-7D05B390D648}.Release|Any CPU.Build.0 = Release|Any CPU
		{67F739F4-92BD-19B8-4A01-27FD1A105EA0}.Debug|Any CPU.ActiveCfg = Debug|Any CPU
		{67F739F4-92BD-19B8-4A01-27FD1A105EA0}.Debug|Any CPU.Build.0 = Debug|Any CPU
		{67F739F4-92BD-19B8-4A01-27FD1A105EA0}.Release|Any CPU.ActiveCfg = Release|Any CPU
		{67F739F4-92BD-19B8-4A01-27FD1A105EA0}.Release|Any CPU.Build.0 = Release|Any CPU
		{3F6D02D9-5DB6-74D9-EB38-34495BAAF6AA}.Debug|Any CPU.ActiveCfg = Debug|Any CPU
		{3F6D02D9-5DB6-74D9-EB38-34495BAAF6AA}.Debug|Any CPU.Build.0 = Debug|Any CPU
		{3F6D02D9-5DB6-74D9-EB38-34495BAAF6AA}.Release|Any CPU.ActiveCfg = Release|Any CPU
		{3F6D02D9-5DB6-74D9-EB38-34495BAAF6AA}.Release|Any CPU.Build.0 = Release|Any CPU
		{E0CCCD32-F9F2-65B9-C0F6-7C007EAB7AD7}.Debug|Any CPU.ActiveCfg = Debug|Any CPU
		{E0CCCD32-F9F2-65B9-C0F6-7C007EAB7AD7}.Debug|Any CPU.Build.0 = Debug|Any CPU
		{E0CCCD32-F9F2-65B9-C0F6-7C007EAB7AD7}.Release|Any CPU.ActiveCfg = Release|Any CPU
		{E0CCCD32-F9F2-65B9-C0F6-7C007EAB7AD7}.Release|Any CPU.Build.0 = Release|Any CPU
		{4AD31716-333B-293A-E96F-42E0ED22F05D}.Debug|Any CPU.ActiveCfg = Debug|Any CPU
		{4AD31716-333B-293A-E96F-42E0ED22F05D}.Debug|Any CPU.Build.0 = Debug|Any CPU
		{4AD31716-333B-293A-E96F-42E0ED22F05D}.Release|Any CPU.ActiveCfg = Release|Any CPU
		{4AD31716-333B-293A-E96F-42E0ED22F05D}.Release|Any CPU.Build.0 = Release|Any CPU
		{7D1DA3AF-8823-961D-1790-FBAB537FBC15}.Debug|Any CPU.ActiveCfg = Debug|Any CPU
		{7D1DA3AF-8823-961D-1790-FBAB537FBC15}.Debug|Any CPU.Build.0 = Debug|Any CPU
		{7D1DA3AF-8823-961D-1790-FBAB537FBC15}.Release|Any CPU.ActiveCfg = Release|Any CPU
		{7D1DA3AF-8823-961D-1790-FBAB537FBC15}.Release|Any CPU.Build.0 = Release|Any CPU
		{49B32B33-6D34-B5C9-0BC8-53AC78BBE86D}.Debug|Any CPU.ActiveCfg = Debug|Any CPU
		{49B32B33-6D34-B5C9-0BC8-53AC78BBE86D}.Debug|Any CPU.Build.0 = Debug|Any CPU
		{49B32B33-6D34-B5C9-0BC8-53AC78BBE86D}.Release|Any CPU.ActiveCfg = Release|Any CPU
		{49B32B33-6D34-B5C9-0BC8-53AC78BBE86D}.Release|Any CPU.Build.0 = Release|Any CPU
		{164A8B68-F62D-3C9A-832B-A4CEFF980205}.Debug|Any CPU.ActiveCfg = Debug|Any CPU
		{164A8B68-F62D-3C9A-832B-A4CEFF980205}.Debug|Any CPU.Build.0 = Debug|Any CPU
		{164A8B68-F62D-3C9A-832B-A4CEFF980205}.Release|Any CPU.ActiveCfg = Release|Any CPU
		{164A8B68-F62D-3C9A-832B-A4CEFF980205}.Release|Any CPU.Build.0 = Release|Any CPU
		{79832587-37C0-31B6-B51A-A93E5C6BA50E}.Debug|Any CPU.ActiveCfg = Debug|Any CPU
		{79832587-37C0-31B6-B51A-A93E5C6BA50E}.Debug|Any CPU.Build.0 = Debug|Any CPU
		{79832587-37C0-31B6-B51A-A93E5C6BA50E}.Release|Any CPU.ActiveCfg = Release|Any CPU
		{79832587-37C0-31B6-B51A-A93E5C6BA50E}.Release|Any CPU.Build.0 = Release|Any CPU
		{ADCCA6A7-791F-91AA-DAAD-22FE88FED993}.Debug|Any CPU.ActiveCfg = Debug|Any CPU
		{ADCCA6A7-791F-91AA-DAAD-22FE88FED993}.Debug|Any CPU.Build.0 = Debug|Any CPU
		{ADCCA6A7-791F-91AA-DAAD-22FE88FED993}.Release|Any CPU.ActiveCfg = Release|Any CPU
		{ADCCA6A7-791F-91AA-DAAD-22FE88FED993}.Release|Any CPU.Build.0 = Release|Any CPU
		{230A300E-2810-12FD-688D-BF3947F63AE8}.Debug|Any CPU.ActiveCfg = Debug|Any CPU
		{230A300E-2810-12FD-688D-BF3947F63AE8}.Debug|Any CPU.Build.0 = Debug|Any CPU
		{230A300E-2810-12FD-688D-BF3947F63AE8}.Release|Any CPU.ActiveCfg = Release|Any CPU
		{230A300E-2810-12FD-688D-BF3947F63AE8}.Release|Any CPU.Build.0 = Release|Any CPU
		{4B579221-C71D-BC40-35D5-65ACAFB505BA}.Debug|Any CPU.ActiveCfg = Debug|Any CPU
		{4B579221-C71D-BC40-35D5-65ACAFB505BA}.Debug|Any CPU.Build.0 = Debug|Any CPU
		{4B579221-C71D-BC40-35D5-65ACAFB505BA}.Release|Any CPU.ActiveCfg = Release|Any CPU
		{4B579221-C71D-BC40-35D5-65ACAFB505BA}.Release|Any CPU.Build.0 = Release|Any CPU
	EndGlobalSection
	GlobalSection(SolutionProperties) = preSolution
		HideSolutionNode = FALSE
	EndGlobalSection
	GlobalSection(MonoDevelopProperties) = preSolution
		StartupItem = Assembly-CSharp.csproj
	EndGlobalSection
EndGlobal
