
Microsoft Visual Studio Solution File, Format Version 12.00
# Visual Studio 15
Project("{FAE04EC0-301F-11D3-BF4B-00C04F79EFBC}") = "TheHat_Working", "Assembly-CSharp.csproj", "{6D4778DE-EF8D-E885-8404-6D90607BB4B2}"
EndProject
Project("{FAE04EC0-301F-11D3-BF4B-00C04F79EFBC}") = "TheHat_Working", "Microsoft.MixedReality.Toolkit.csproj", "{7B7A0A17-9852-8C7B-E00C-5BDFFF0054FD}"
EndProject
Project("{FAE04EC0-301F-11D3-BF4B-00C04F79EFBC}") = "TheHat_Working", "Microsoft.MixedReality.Toolkit.SDK.csproj", "{F62922BB-796F-0BFD-DDDF-B739926F0CB6}"
EndProject
Project("{FAE04EC0-301F-11D3-BF4B-00C04F79EFBC}") = "TheHat_Working", "Microsoft.MixedReality.Toolkit.InputSystem.csproj", "{72222A61-19ED-6BE7-FEF7-A36007BBEFDB}"
EndProject
Project("{FAE04EC0-301F-11D3-BF4B-00C04F79EFBC}") = "TheHat_Working", "Microsoft.MixedReality.Toolkit.Examples.csproj", "{052F3235-1521-E193-3C49-5EA235957762}"
EndProject
Project("{FAE04EC0-301F-11D3-BF4B-00C04F79EFBC}") = "TheHat_Working", "Assembly-CSharp-Editor.csproj", "{62FF2BE0-6A1C-B0D5-835B-91C5B1E3BB72}"
EndProject
Project("{FAE04EC0-301F-11D3-BF4B-00C04F79EFBC}") = "TheHat_Working", "Microsoft.MixedReality.Toolkit.Internal.Inspectors.csproj", "{7075ED31-4B36-D639-A5EA-8CE51D611EA8}"
EndProject
Project("{FAE04EC0-301F-11D3-BF4B-00C04F79EFBC}") = "TheHat_Working", "Microsoft.MixedReality.Toolkit.SDK.Inspectors.csproj", "{23FCB831-13B9-039E-018B-D8BBD72A8285}"
EndProject
Project("{FAE04EC0-301F-11D3-BF4B-00C04F79EFBC}") = "TheHat_Working", "Microsoft.MixedReality.Toolkit.Internal.Utilities.Editor.csproj", "{15885B8F-A216-AB8E-00A7-02AFC2828976}"
EndProject
Project("{FAE04EC0-301F-11D3-BF4B-00C04F79EFBC}") = "TheHat_Working", "Microsoft.MixedReality.Toolkit.Internal.Build.csproj", "{B63F02F4-52B9-5094-2697-F5B8003ECDE5}"
EndProject
Project("{FAE04EC0-301F-11D3-BF4B-00C04F79EFBC}") = "TheHat_Working", "Microsoft.MixedReality.Toolkit.Internal.Definitions.Utilities.Editor.csproj", "{45794A13-4FB4-C92C-9BFB-BBAE644A42A2}"
EndProject
Project("{FAE04EC0-301F-11D3-BF4B-00C04F79EFBC}") = "TheHat_Working", "Microsoft.MixedReality.Toolkit.InputSystem.Inspectors.csproj", "{48B217DB-F4A1-8096-1D47-6628CB29130D}"
EndProject
Project("{FAE04EC0-301F-11D3-BF4B-00C04F79EFBC}") = "TheHat_Working", "Microsoft.MixedReality.Toolkit.Examples.Demos.StandardShader.Inspectors.csproj", "{2FB3DC89-4307-B5A5-E248-7D6D064D8BEB}"
EndProject
Project("{FAE04EC0-301F-11D3-BF4B-00C04F79EFBC}") = "TheHat_Working", "Microsoft.MixedReality.Toolkit.Internal.Extensions.EditorClassExtensions.csproj", "{31E6E31C-D931-EE61-7155-42255B080DD0}"
EndProject
Project("{FAE04EC0-301F-11D3-BF4B-00C04F79EFBC}") = "TheHat_Working", "Microsoft.MixedReality.Toolkit.Internal.Utilities.Editor.Setup.csproj", "{1F356A7A-EDD5-56AA-37E0-C347A5B2DA7D}"
EndProject
Global
	GlobalSection(SolutionConfigurationPlatforms) = preSolution
		Debug|Any CPU = Debug|Any CPU
		Release|Any CPU = Release|Any CPU
	EndGlobalSection
	GlobalSection(ProjectConfigurationPlatforms) = postSolution
		{6D4778DE-EF8D-E885-8404-6D90607BB4B2}.Debug|Any CPU.ActiveCfg = Debug|Any CPU
		{6D4778DE-EF8D-E885-8404-6D90607BB4B2}.Debug|Any CPU.Build.0 = Debug|Any CPU
		{6D4778DE-EF8D-E885-8404-6D90607BB4B2}.Release|Any CPU.ActiveCfg = Release|Any CPU
		{6D4778DE-EF8D-E885-8404-6D90607BB4B2}.Release|Any CPU.Build.0 = Release|Any CPU
		{7B7A0A17-9852-8C7B-E00C-5BDFFF0054FD}.Debug|Any CPU.ActiveCfg = Debug|Any CPU
		{7B7A0A17-9852-8C7B-E00C-5BDFFF0054FD}.Debug|Any CPU.Build.0 = Debug|Any CPU
		{7B7A0A17-9852-8C7B-E00C-5BDFFF0054FD}.Release|Any CPU.ActiveCfg = Release|Any CPU
		{7B7A0A17-9852-8C7B-E00C-5BDFFF0054FD}.Release|Any CPU.Build.0 = Release|Any CPU
		{F62922BB-796F-0BFD-DDDF-B739926F0CB6}.Debug|Any CPU.ActiveCfg = Debug|Any CPU
		{F62922BB-796F-0BFD-DDDF-B739926F0CB6}.Debug|Any CPU.Build.0 = Debug|Any CPU
		{F62922BB-796F-0BFD-DDDF-B739926F0CB6}.Release|Any CPU.ActiveCfg = Release|Any CPU
		{F62922BB-796F-0BFD-DDDF-B739926F0CB6}.Release|Any CPU.Build.0 = Release|Any CPU
		{72222A61-19ED-6BE7-FEF7-A36007BBEFDB}.Debug|Any CPU.ActiveCfg = Debug|Any CPU
		{72222A61-19ED-6BE7-FEF7-A36007BBEFDB}.Debug|Any CPU.Build.0 = Debug|Any CPU
		{72222A61-19ED-6BE7-FEF7-A36007BBEFDB}.Release|Any CPU.ActiveCfg = Release|Any CPU
		{72222A61-19ED-6BE7-FEF7-A36007BBEFDB}.Release|Any CPU.Build.0 = Release|Any CPU
		{052F3235-1521-E193-3C49-5EA235957762}.Debug|Any CPU.ActiveCfg = Debug|Any CPU
		{052F3235-1521-E193-3C49-5EA235957762}.Debug|Any CPU.Build.0 = Debug|Any CPU
		{052F3235-1521-E193-3C49-5EA235957762}.Release|Any CPU.ActiveCfg = Release|Any CPU
		{052F3235-1521-E193-3C49-5EA235957762}.Release|Any CPU.Build.0 = Release|Any CPU
		{62FF2BE0-6A1C-B0D5-835B-91C5B1E3BB72}.Debug|Any CPU.ActiveCfg = Debug|Any CPU
		{62FF2BE0-6A1C-B0D5-835B-91C5B1E3BB72}.Debug|Any CPU.Build.0 = Debug|Any CPU
		{62FF2BE0-6A1C-B0D5-835B-91C5B1E3BB72}.Release|Any CPU.ActiveCfg = Release|Any CPU
		{62FF2BE0-6A1C-B0D5-835B-91C5B1E3BB72}.Release|Any CPU.Build.0 = Release|Any CPU
		{7075ED31-4B36-D639-A5EA-8CE51D611EA8}.Debug|Any CPU.ActiveCfg = Debug|Any CPU
		{7075ED31-4B36-D639-A5EA-8CE51D611EA8}.Debug|Any CPU.Build.0 = Debug|Any CPU
		{7075ED31-4B36-D639-A5EA-8CE51D611EA8}.Release|Any CPU.ActiveCfg = Release|Any CPU
		{7075ED31-4B36-D639-A5EA-8CE51D611EA8}.Release|Any CPU.Build.0 = Release|Any CPU
		{23FCB831-13B9-039E-018B-D8BBD72A8285}.Debug|Any CPU.ActiveCfg = Debug|Any CPU
		{23FCB831-13B9-039E-018B-D8BBD72A8285}.Debug|Any CPU.Build.0 = Debug|Any CPU
		{23FCB831-13B9-039E-018B-D8BBD72A8285}.Release|Any CPU.ActiveCfg = Release|Any CPU
		{23FCB831-13B9-039E-018B-D8BBD72A8285}.Release|Any CPU.Build.0 = Release|Any CPU
		{15885B8F-A216-AB8E-00A7-02AFC2828976}.Debug|Any CPU.ActiveCfg = Debug|Any CPU
		{15885B8F-A216-AB8E-00A7-02AFC2828976}.Debug|Any CPU.Build.0 = Debug|Any CPU
		{15885B8F-A216-AB8E-00A7-02AFC2828976}.Release|Any CPU.ActiveCfg = Release|Any CPU
		{15885B8F-A216-AB8E-00A7-02AFC2828976}.Release|Any CPU.Build.0 = Release|Any CPU
		{B63F02F4-52B9-5094-2697-F5B8003ECDE5}.Debug|Any CPU.ActiveCfg = Debug|Any CPU
		{B63F02F4-52B9-5094-2697-F5B8003ECDE5}.Debug|Any CPU.Build.0 = Debug|Any CPU
		{B63F02F4-52B9-5094-2697-F5B8003ECDE5}.Release|Any CPU.ActiveCfg = Release|Any CPU
		{B63F02F4-52B9-5094-2697-F5B8003ECDE5}.Release|Any CPU.Build.0 = Release|Any CPU
		{45794A13-4FB4-C92C-9BFB-BBAE644A42A2}.Debug|Any CPU.ActiveCfg = Debug|Any CPU
		{45794A13-4FB4-C92C-9BFB-BBAE644A42A2}.Debug|Any CPU.Build.0 = Debug|Any CPU
		{45794A13-4FB4-C92C-9BFB-BBAE644A42A2}.Release|Any CPU.ActiveCfg = Release|Any CPU
		{45794A13-4FB4-C92C-9BFB-BBAE644A42A2}.Release|Any CPU.Build.0 = Release|Any CPU
		{48B217DB-F4A1-8096-1D47-6628CB29130D}.Debug|Any CPU.ActiveCfg = Debug|Any CPU
		{48B217DB-F4A1-8096-1D47-6628CB29130D}.Debug|Any CPU.Build.0 = Debug|Any CPU
		{48B217DB-F4A1-8096-1D47-6628CB29130D}.Release|Any CPU.ActiveCfg = Release|Any CPU
		{48B217DB-F4A1-8096-1D47-6628CB29130D}.Release|Any CPU.Build.0 = Release|Any CPU
		{2FB3DC89-4307-B5A5-E248-7D6D064D8BEB}.Debug|Any CPU.ActiveCfg = Debug|Any CPU
		{2FB3DC89-4307-B5A5-E248-7D6D064D8BEB}.Debug|Any CPU.Build.0 = Debug|Any CPU
		{2FB3DC89-4307-B5A5-E248-7D6D064D8BEB}.Release|Any CPU.ActiveCfg = Release|Any CPU
		{2FB3DC89-4307-B5A5-E248-7D6D064D8BEB}.Release|Any CPU.Build.0 = Release|Any CPU
		{31E6E31C-D931-EE61-7155-42255B080DD0}.Debug|Any CPU.ActiveCfg = Debug|Any CPU
		{31E6E31C-D931-EE61-7155-42255B080DD0}.Debug|Any CPU.Build.0 = Debug|Any CPU
		{31E6E31C-D931-EE61-7155-42255B080DD0}.Release|Any CPU.ActiveCfg = Release|Any CPU
		{31E6E31C-D931-EE61-7155-42255B080DD0}.Release|Any CPU.Build.0 = Release|Any CPU
		{1F356A7A-EDD5-56AA-37E0-C347A5B2DA7D}.Debug|Any CPU.ActiveCfg = Debug|Any CPU
		{1F356A7A-EDD5-56AA-37E0-C347A5B2DA7D}.Debug|Any CPU.Build.0 = Debug|Any CPU
		{1F356A7A-EDD5-56AA-37E0-C347A5B2DA7D}.Release|Any CPU.ActiveCfg = Release|Any CPU
		{1F356A7A-EDD5-56AA-37E0-C347A5B2DA7D}.Release|Any CPU.Build.0 = Release|Any CPU
	EndGlobalSection
	GlobalSection(SolutionProperties) = preSolution
		HideSolutionNode = FALSE
	EndGlobalSection
EndGlobal
