
Microsoft Visual Studio Solution File, Format Version 12.00
# Visual Studio 15
VisualStudioVersion = 15.8.28010.2036
MinimumVisualStudioVersion = 10.0.40219.1
Project("{FAE04EC0-301F-11D3-BF4B-00C04F79EFBC}") = "TheHat", "TheHat\TheHat.csproj", "{13A45C13-3265-47B8-BC48-A553B569DF55}"
EndProject
Project("{FAE04EC0-301F-11D3-BF4B-00C04F79EFBC}") = "Assembly-CSharp", "D:\VR project\TheHat\NewBuild1\GeneratedProjects\UWP\Assembly-CSharp\Assembly-CSharp.csproj", "{2C875557-5850-4991-84C5-26163042140D}"
EndProject
Project("{FAE04EC0-301F-11D3-BF4B-00C04F79EFBC}") = "Microsoft.MixedReality.Toolkit", "D:\VR project\TheHat\NewBuild1\GeneratedProjects\UWP\Microsoft.MixedReality.Toolkit\Microsoft.MixedReality.Toolkit.csproj", "{452E7957-56A6-4CA7-804B-89A272380E14}"
EndProject
Project("{FAE04EC0-301F-11D3-BF4B-00C04F79EFBC}") = "Microsoft.MixedReality.Toolkit.SDK", "D:\VR project\TheHat\NewBuild1\GeneratedProjects\UWP\Microsoft.MixedReality.Toolkit.SDK\Microsoft.MixedReality.Toolkit.SDK.csproj", "{32D50132-E13B-4069-B71A-4C83E01AF0E9}"
EndProject
Project("{FAE04EC0-301F-11D3-BF4B-00C04F79EFBC}") = "Microsoft.MixedReality.Toolkit.InputSystem", "D:\VR project\TheHat\NewBuild1\GeneratedProjects\UWP\Microsoft.MixedReality.Toolkit.InputSystem\Microsoft.MixedReality.Toolkit.InputSystem.csproj", "{1250B1DB-E2BF-4F2A-A855-1D3C387CF444}"
EndProject
Project("{FAE04EC0-301F-11D3-BF4B-00C04F79EFBC}") = "Microsoft.MixedReality.Toolkit.Examples", "D:\VR project\TheHat\NewBuild1\GeneratedProjects\UWP\Microsoft.MixedReality.Toolkit.Examples\Microsoft.MixedReality.Toolkit.Examples.csproj", "{DD8D1B78-19A7-418B-AD3C-6EFA53E0293C}"
EndProject
Global
	GlobalSection(SolutionConfigurationPlatforms) = preSolution
		Debug|ARM = Debug|ARM
		Debug|x64 = Debug|x64
		Debug|x86 = Debug|x86
		Master|ARM = Master|ARM
		Master|x64 = Master|x64
		Master|x86 = Master|x86
		Release|ARM = Release|ARM
		Release|x64 = Release|x64
		Release|x86 = Release|x86
	EndGlobalSection
	GlobalSection(ProjectConfigurationPlatforms) = postSolution
		{13A45C13-3265-47B8-BC48-A553B569DF55}.Debug|ARM.ActiveCfg = Debug|ARM
		{13A45C13-3265-47B8-BC48-A553B569DF55}.Debug|ARM.Build.0 = Debug|ARM
		{13A45C13-3265-47B8-BC48-A553B569DF55}.Debug|ARM.Deploy.0 = Debug|ARM
		{13A45C13-3265-47B8-BC48-A553B569DF55}.Debug|x64.ActiveCfg = Debug|x64
		{13A45C13-3265-47B8-BC48-A553B569DF55}.Debug|x64.Build.0 = Debug|x64
		{13A45C13-3265-47B8-BC48-A553B569DF55}.Debug|x64.Deploy.0 = Debug|x64
		{13A45C13-3265-47B8-BC48-A553B569DF55}.Debug|x86.ActiveCfg = Debug|x86
		{13A45C13-3265-47B8-BC48-A553B569DF55}.Debug|x86.Build.0 = Debug|x86
		{13A45C13-3265-47B8-BC48-A553B569DF55}.Debug|x86.Deploy.0 = Debug|x86
		{13A45C13-3265-47B8-BC48-A553B569DF55}.Master|ARM.ActiveCfg = Master|ARM
		{13A45C13-3265-47B8-BC48-A553B569DF55}.Master|ARM.Build.0 = Master|ARM
		{13A45C13-3265-47B8-BC48-A553B569DF55}.Master|ARM.Deploy.0 = Master|ARM
		{13A45C13-3265-47B8-BC48-A553B569DF55}.Master|x64.ActiveCfg = Master|x64
		{13A45C13-3265-47B8-BC48-A553B569DF55}.Master|x64.Build.0 = Master|x64
		{13A45C13-3265-47B8-BC48-A553B569DF55}.Master|x64.Deploy.0 = Master|x64
		{13A45C13-3265-47B8-BC48-A553B569DF55}.Master|x86.ActiveCfg = Master|x86
		{13A45C13-3265-47B8-BC48-A553B569DF55}.Master|x86.Build.0 = Master|x86
		{13A45C13-3265-47B8-BC48-A553B569DF55}.Master|x86.Deploy.0 = Master|x86
		{13A45C13-3265-47B8-BC48-A553B569DF55}.Release|ARM.ActiveCfg = Release|ARM
		{13A45C13-3265-47B8-BC48-A553B569DF55}.Release|ARM.Build.0 = Release|ARM
		{13A45C13-3265-47B8-BC48-A553B569DF55}.Release|ARM.Deploy.0 = Release|ARM
		{13A45C13-3265-47B8-BC48-A553B569DF55}.Release|x64.ActiveCfg = Release|x64
		{13A45C13-3265-47B8-BC48-A553B569DF55}.Release|x64.Build.0 = Release|x64
		{13A45C13-3265-47B8-BC48-A553B569DF55}.Release|x64.Deploy.0 = Release|x64
		{13A45C13-3265-47B8-BC48-A553B569DF55}.Release|x86.ActiveCfg = Release|x86
		{13A45C13-3265-47B8-BC48-A553B569DF55}.Release|x86.Build.0 = Release|x86
		{13A45C13-3265-47B8-BC48-A553B569DF55}.Release|x86.Deploy.0 = Release|x86
		{2C875557-5850-4991-84C5-26163042140D}.Debug|ARM.ActiveCfg = Debug|ARM
		{2C875557-5850-4991-84C5-26163042140D}.Debug|ARM.Build.0 = Debug|ARM
		{2C875557-5850-4991-84C5-26163042140D}.Debug|x64.ActiveCfg = Debug|x64
		{2C875557-5850-4991-84C5-26163042140D}.Debug|x64.Build.0 = Debug|x64
		{2C875557-5850-4991-84C5-26163042140D}.Debug|x86.ActiveCfg = Debug|x86
		{2C875557-5850-4991-84C5-26163042140D}.Debug|x86.Build.0 = Debug|x86
		{2C875557-5850-4991-84C5-26163042140D}.Master|ARM.ActiveCfg = Master|ARM
		{2C875557-5850-4991-84C5-26163042140D}.Master|ARM.Build.0 = Master|ARM
		{2C875557-5850-4991-84C5-26163042140D}.Master|x64.ActiveCfg = Master|x64
		{2C875557-5850-4991-84C5-26163042140D}.Master|x64.Build.0 = Master|x64
		{2C875557-5850-4991-84C5-26163042140D}.Master|x86.ActiveCfg = Master|x86
		{2C875557-5850-4991-84C5-26163042140D}.Master|x86.Build.0 = Master|x86
		{2C875557-5850-4991-84C5-26163042140D}.Release|ARM.ActiveCfg = Release|ARM
		{2C875557-5850-4991-84C5-26163042140D}.Release|ARM.Build.0 = Release|ARM
		{2C875557-5850-4991-84C5-26163042140D}.Release|x64.ActiveCfg = Release|x64
		{2C875557-5850-4991-84C5-26163042140D}.Release|x64.Build.0 = Release|x64
		{2C875557-5850-4991-84C5-26163042140D}.Release|x86.ActiveCfg = Release|x86
		{2C875557-5850-4991-84C5-26163042140D}.Release|x86.Build.0 = Release|x86
		{452E7957-56A6-4CA7-804B-89A272380E14}.Debug|ARM.ActiveCfg = Debug|ARM
		{452E7957-56A6-4CA7-804B-89A272380E14}.Debug|ARM.Build.0 = Debug|ARM
		{452E7957-56A6-4CA7-804B-89A272380E14}.Debug|x64.ActiveCfg = Debug|x64
		{452E7957-56A6-4CA7-804B-89A272380E14}.Debug|x64.Build.0 = Debug|x64
		{452E7957-56A6-4CA7-804B-89A272380E14}.Debug|x86.ActiveCfg = Debug|x86
		{452E7957-56A6-4CA7-804B-89A272380E14}.Debug|x86.Build.0 = Debug|x86
		{452E7957-56A6-4CA7-804B-89A272380E14}.Master|ARM.ActiveCfg = Master|ARM
		{452E7957-56A6-4CA7-804B-89A272380E14}.Master|ARM.Build.0 = Master|ARM
		{452E7957-56A6-4CA7-804B-89A272380E14}.Master|x64.ActiveCfg = Master|x64
		{452E7957-56A6-4CA7-804B-89A272380E14}.Master|x64.Build.0 = Master|x64
		{452E7957-56A6-4CA7-804B-89A272380E14}.Master|x86.ActiveCfg = Master|x86
		{452E7957-56A6-4CA7-804B-89A272380E14}.Master|x86.Build.0 = Master|x86
		{452E7957-56A6-4CA7-804B-89A272380E14}.Release|ARM.ActiveCfg = Release|ARM
		{452E7957-56A6-4CA7-804B-89A272380E14}.Release|ARM.Build.0 = Release|ARM
		{452E7957-56A6-4CA7-804B-89A272380E14}.Release|x64.ActiveCfg = Release|x64
		{452E7957-56A6-4CA7-804B-89A272380E14}.Release|x64.Build.0 = Release|x64
		{452E7957-56A6-4CA7-804B-89A272380E14}.Release|x86.ActiveCfg = Release|x86
		{452E7957-56A6-4CA7-804B-89A272380E14}.Release|x86.Build.0 = Release|x86
		{32D50132-E13B-4069-B71A-4C83E01AF0E9}.Debug|ARM.ActiveCfg = Debug|ARM
		{32D50132-E13B-4069-B71A-4C83E01AF0E9}.Debug|ARM.Build.0 = Debug|ARM
		{32D50132-E13B-4069-B71A-4C83E01AF0E9}.Debug|x64.ActiveCfg = Debug|x64
		{32D50132-E13B-4069-B71A-4C83E01AF0E9}.Debug|x64.Build.0 = Debug|x64
		{32D50132-E13B-4069-B71A-4C83E01AF0E9}.Debug|x86.ActiveCfg = Debug|x86
		{32D50132-E13B-4069-B71A-4C83E01AF0E9}.Debug|x86.Build.0 = Debug|x86
		{32D50132-E13B-4069-B71A-4C83E01AF0E9}.Master|ARM.ActiveCfg = Master|ARM
		{32D50132-E13B-4069-B71A-4C83E01AF0E9}.Master|ARM.Build.0 = Master|ARM
		{32D50132-E13B-4069-B71A-4C83E01AF0E9}.Master|x64.ActiveCfg = Master|x64
		{32D50132-E13B-4069-B71A-4C83E01AF0E9}.Master|x64.Build.0 = Master|x64
		{32D50132-E13B-4069-B71A-4C83E01AF0E9}.Master|x86.ActiveCfg = Master|x86
		{32D50132-E13B-4069-B71A-4C83E01AF0E9}.Master|x86.Build.0 = Master|x86
		{32D50132-E13B-4069-B71A-4C83E01AF0E9}.Release|ARM.ActiveCfg = Release|ARM
		{32D50132-E13B-4069-B71A-4C83E01AF0E9}.Release|ARM.Build.0 = Release|ARM
		{32D50132-E13B-4069-B71A-4C83E01AF0E9}.Release|x64.ActiveCfg = Release|x64
		{32D50132-E13B-4069-B71A-4C83E01AF0E9}.Release|x64.Build.0 = Release|x64
		{32D50132-E13B-4069-B71A-4C83E01AF0E9}.Release|x86.ActiveCfg = Release|x86
		{32D50132-E13B-4069-B71A-4C83E01AF0E9}.Release|x86.Build.0 = Release|x86
		{1250B1DB-E2BF-4F2A-A855-1D3C387CF444}.Debug|ARM.ActiveCfg = Debug|ARM
		{1250B1DB-E2BF-4F2A-A855-1D3C387CF444}.Debug|ARM.Build.0 = Debug|ARM
		{1250B1DB-E2BF-4F2A-A855-1D3C387CF444}.Debug|x64.ActiveCfg = Debug|x64
		{1250B1DB-E2BF-4F2A-A855-1D3C387CF444}.Debug|x64.Build.0 = Debug|x64
		{1250B1DB-E2BF-4F2A-A855-1D3C387CF444}.Debug|x86.ActiveCfg = Debug|x86
		{1250B1DB-E2BF-4F2A-A855-1D3C387CF444}.Debug|x86.Build.0 = Debug|x86
		{1250B1DB-E2BF-4F2A-A855-1D3C387CF444}.Master|ARM.ActiveCfg = Master|ARM
		{1250B1DB-E2BF-4F2A-A855-1D3C387CF444}.Master|ARM.Build.0 = Master|ARM
		{1250B1DB-E2BF-4F2A-A855-1D3C387CF444}.Master|x64.ActiveCfg = Master|x64
		{1250B1DB-E2BF-4F2A-A855-1D3C387CF444}.Master|x64.Build.0 = Master|x64
		{1250B1DB-E2BF-4F2A-A855-1D3C387CF444}.Master|x86.ActiveCfg = Master|x86
		{1250B1DB-E2BF-4F2A-A855-1D3C387CF444}.Master|x86.Build.0 = Master|x86
		{1250B1DB-E2BF-4F2A-A855-1D3C387CF444}.Release|ARM.ActiveCfg = Release|ARM
		{1250B1DB-E2BF-4F2A-A855-1D3C387CF444}.Release|ARM.Build.0 = Release|ARM
		{1250B1DB-E2BF-4F2A-A855-1D3C387CF444}.Release|x64.ActiveCfg = Release|x64
		{1250B1DB-E2BF-4F2A-A855-1D3C387CF444}.Release|x64.Build.0 = Release|x64
		{1250B1DB-E2BF-4F2A-A855-1D3C387CF444}.Release|x86.ActiveCfg = Release|x86
		{1250B1DB-E2BF-4F2A-A855-1D3C387CF444}.Release|x86.Build.0 = Release|x86
		{DD8D1B78-19A7-418B-AD3C-6EFA53E0293C}.Debug|ARM.ActiveCfg = Debug|ARM
		{DD8D1B78-19A7-418B-AD3C-6EFA53E0293C}.Debug|ARM.Build.0 = Debug|ARM
		{DD8D1B78-19A7-418B-AD3C-6EFA53E0293C}.Debug|x64.ActiveCfg = Debug|x64
		{DD8D1B78-19A7-418B-AD3C-6EFA53E0293C}.Debug|x64.Build.0 = Debug|x64
		{DD8D1B78-19A7-418B-AD3C-6EFA53E0293C}.Debug|x86.ActiveCfg = Debug|x86
		{DD8D1B78-19A7-418B-AD3C-6EFA53E0293C}.Debug|x86.Build.0 = Debug|x86
		{DD8D1B78-19A7-418B-AD3C-6EFA53E0293C}.Master|ARM.ActiveCfg = Master|ARM
		{DD8D1B78-19A7-418B-AD3C-6EFA53E0293C}.Master|ARM.Build.0 = Master|ARM
		{DD8D1B78-19A7-418B-AD3C-6EFA53E0293C}.Master|x64.ActiveCfg = Master|x64
		{DD8D1B78-19A7-418B-AD3C-6EFA53E0293C}.Master|x64.Build.0 = Master|x64
		{DD8D1B78-19A7-418B-AD3C-6EFA53E0293C}.Master|x86.ActiveCfg = Master|x86
		{DD8D1B78-19A7-418B-AD3C-6EFA53E0293C}.Master|x86.Build.0 = Master|x86
		{DD8D1B78-19A7-418B-AD3C-6EFA53E0293C}.Release|ARM.ActiveCfg = Release|ARM
		{DD8D1B78-19A7-418B-AD3C-6EFA53E0293C}.Release|ARM.Build.0 = Release|ARM
		{DD8D1B78-19A7-418B-AD3C-6EFA53E0293C}.Release|x64.ActiveCfg = Release|x64
		{DD8D1B78-19A7-418B-AD3C-6EFA53E0293C}.Release|x64.Build.0 = Release|x64
		{DD8D1B78-19A7-418B-AD3C-6EFA53E0293C}.Release|x86.ActiveCfg = Release|x86
		{DD8D1B78-19A7-418B-AD3C-6EFA53E0293C}.Release|x86.Build.0 = Release|x86
	EndGlobalSection
	GlobalSection(SolutionProperties) = preSolution
		HideSolutionNode = FALSE
	EndGlobalSection
	GlobalSection(ExtensibilityGlobals) = postSolution
		SolutionGuid = {B0E4378F-DB7C-40BC-96BC-20EC583E07BD}
	EndGlobalSection
EndGlobal
